
Microsoft Visual Studio Solution File, Format Version 12.00
# Visual Studio Version 17
VisualStudioVersion = 17.9.34616.47
MinimumVisualStudioVersion = 10.0.40219.1
Project("{FAE04EC0-301F-11D3-BF4B-00C04F79EFBC}") = "pwither.ev", "pwither.ev.csproj", "{C51B4996-9C39-4D20-A21F-026177659A0F}"
EndProject
Project("{FAE04EC0-301F-11D3-BF4B-00C04F79EFBC}") = "TestEV", "..\TestEV\TestEV.csproj", "{2EE8954C-65E3-4E6A-92BF-6F13EE6AC590}"
EndProject
Global
	GlobalSection(SolutionConfigurationPlatforms) = preSolution
		Debug|Any CPU = Debug|Any CPU
		Release|Any CPU = Release|Any CPU
	EndGlobalSection
	GlobalSection(ProjectConfigurationPlatforms) = postSolution
		{C51B4996-9C39-4D20-A21F-026177659A0F}.Debug|Any CPU.ActiveCfg = Debug|Any CPU
		{C51B4996-9C39-4D20-A21F-026177659A0F}.Debug|Any CPU.Build.0 = Debug|Any CPU
		{C51B4996-9C39-4D20-A21F-026177659A0F}.Release|Any CPU.ActiveCfg = Release|Any CPU
		{C51B4996-9C39-4D20-A21F-026177659A0F}.Release|Any CPU.Build.0 = Release|Any CPU
		{2EE8954C-65E3-4E6A-92BF-6F13EE6AC590}.Debug|Any CPU.ActiveCfg = Debug|Any CPU
		{2EE8954C-65E3-4E6A-92BF-6F13EE6AC590}.Debug|Any CPU.Build.0 = Debug|Any CPU
		{2EE8954C-65E3-4E6A-92BF-6F13EE6AC590}.Release|Any CPU.ActiveCfg = Release|Any CPU
		{2EE8954C-65E3-4E6A-92BF-6F13EE6AC590}.Release|Any CPU.Build.0 = Release|Any CPU
	EndGlobalSection
	GlobalSection(SolutionProperties) = preSolution
		HideSolutionNode = FALSE
	EndGlobalSection
	GlobalSection(ExtensibilityGlobals) = postSolution
		SolutionGuid = {1ED00BE6-DB93-4594-B898-809CD29D160C}
	EndGlobalSection
EndGlobal
